
Microsoft Visual Studio Solution File, Format Version 12.00
# Visual Studio Version 17
VisualStudioVersion = 17.13.35806.99 d17.13
MinimumVisualStudioVersion = 10.0.40219.1
Project("{FAE04EC0-301F-11D3-BF4B-00C04F79EFBC}") = "GioHang.com", "GioHang.com\GioHang.com.csproj", "{9C600D06-F51B-418A-AB78-298003CAA37B}"
EndProject
Global
	GlobalSection(SolutionConfigurationPlatforms) = preSolution
		Debug|Any CPU = Debug|Any CPU
		Release|Any CPU = Release|Any CPU
	EndGlobalSection
	GlobalSection(ProjectConfigurationPlatforms) = postSolution
		{9C600D06-F51B-418A-AB78-298003CAA37B}.Debug|Any CPU.ActiveCfg = Debug|Any CPU
		{9C600D06-F51B-418A-AB78-298003CAA37B}.Debug|Any CPU.Build.0 = Debug|Any CPU
		{9C600D06-F51B-418A-AB78-298003CAA37B}.Release|Any CPU.ActiveCfg = Release|Any CPU
		{9C600D06-F51B-418A-AB78-298003CAA37B}.Release|Any CPU.Build.0 = Release|Any CPU
	EndGlobalSection
	GlobalSection(SolutionProperties) = preSolution
		HideSolutionNode = FALSE
	EndGlobalSection
	GlobalSection(ExtensibilityGlobals) = postSolution
		SolutionGuid = {70A2D0B1-5142-435D-9BD8-8C61878A0C70}
	EndGlobalSection
EndGlobal
