
Microsoft Visual Studio Solution File, Format Version 12.00
# Visual Studio Version 17
VisualStudioVersion = 17.13.35806.99 d17.13
MinimumVisualStudioVersion = 10.0.40219.1
Project("{FAE04EC0-301F-11D3-BF4B-00C04F79EFBC}") = "ThanhToan", "ThanhToan\ThanhToan.csproj", "{C11A7D86-1B4C-41BE-8AE1-31DA49C725E0}"
EndProject
Global
	GlobalSection(SolutionConfigurationPlatforms) = preSolution
		Debug|Any CPU = Debug|Any CPU
		Release|Any CPU = Release|Any CPU
	EndGlobalSection
	GlobalSection(ProjectConfigurationPlatforms) = postSolution
		{C11A7D86-1B4C-41BE-8AE1-31DA49C725E0}.Debug|Any CPU.ActiveCfg = Debug|Any CPU
		{C11A7D86-1B4C-41BE-8AE1-31DA49C725E0}.Debug|Any CPU.Build.0 = Debug|Any CPU
		{C11A7D86-1B4C-41BE-8AE1-31DA49C725E0}.Release|Any CPU.ActiveCfg = Release|Any CPU
		{C11A7D86-1B4C-41BE-8AE1-31DA49C725E0}.Release|Any CPU.Build.0 = Release|Any CPU
	EndGlobalSection
	GlobalSection(SolutionProperties) = preSolution
		HideSolutionNode = FALSE
	EndGlobalSection
	GlobalSection(ExtensibilityGlobals) = postSolution
		SolutionGuid = {B5FD5D18-397C-4605-B896-B1C88F0E456C}
	EndGlobalSection
EndGlobal
